// !$*UTF8*$!
{
	archiveVersion = 1;
	classes = {
	};
	objectVersion = 50;
	objects = {

/* Begin PBXBuildFile section */
		18283CF524F253F400A81068 /* UIGradientImageView.swift in Sources */ = {isa = PBXBuildFile; fileRef = 18283CF424F253F400A81068 /* UIGradientImageView.swift */; };
		189C858224F2068500F8123F /* CommentCell.swift in Sources */ = {isa = PBXBuildFile; fileRef = 189C858024F2068500F8123F /* CommentCell.swift */; };
		189C858324F2068500F8123F /* CommentCell.xib in Resources */ = {isa = PBXBuildFile; fileRef = 189C858124F2068500F8123F /* CommentCell.xib */; };
		189C858624F20D4E00F8123F /* ShowMoreCell.swift in Sources */ = {isa = PBXBuildFile; fileRef = 189C858424F20D4E00F8123F /* ShowMoreCell.swift */; };
		189C858724F20D4E00F8123F /* ShowMoreCell.xib in Resources */ = {isa = PBXBuildFile; fileRef = 189C858524F20D4E00F8123F /* ShowMoreCell.xib */; };
		18EC72E424F3A28C00106DD9 /* Status.swift in Sources */ = {isa = PBXBuildFile; fileRef = 18EC72E324F3A28C00106DD9 /* Status.swift */; };
		C723D09824EF6B8300A954C7 /* AppDelegate.swift in Sources */ = {isa = PBXBuildFile; fileRef = C723D09724EF6B8300A954C7 /* AppDelegate.swift */; };
		C723D09A24EF6B8300A954C7 /* SceneDelegate.swift in Sources */ = {isa = PBXBuildFile; fileRef = C723D09924EF6B8300A954C7 /* SceneDelegate.swift */; };
		C723D09C24EF6B8300A954C7 /* ViewController.swift in Sources */ = {isa = PBXBuildFile; fileRef = C723D09B24EF6B8300A954C7 /* ViewController.swift */; };
		C723D09F24EF6B8300A954C7 /* Main.storyboard in Resources */ = {isa = PBXBuildFile; fileRef = C723D09D24EF6B8300A954C7 /* Main.storyboard */; };
		C723D0A124EF6B8500A954C7 /* Assets.xcassets in Resources */ = {isa = PBXBuildFile; fileRef = C723D0A024EF6B8500A954C7 /* Assets.xcassets */; };
		C723D0A424EF6B8500A954C7 /* LaunchScreen.storyboard in Resources */ = {isa = PBXBuildFile; fileRef = C723D0A224EF6B8500A954C7 /* LaunchScreen.storyboard */; };
		C723D0AF24EF6B8500A954C7 /* NewFeedUITests.swift in Sources */ = {isa = PBXBuildFile; fileRef = C723D0AE24EF6B8500A954C7 /* NewFeedUITests.swift */; };
		C723D0BA24EF6B8500A954C7 /* NewFeedUIUITests.swift in Sources */ = {isa = PBXBuildFile; fileRef = C723D0B924EF6B8500A954C7 /* NewFeedUIUITests.swift */; };
		C723D0D324EF9C2400A954C7 /* StatusCell.swift in Sources */ = {isa = PBXBuildFile; fileRef = C723D0D124EF9C2400A954C7 /* StatusCell.swift */; };
		C723D0D424EF9C2400A954C7 /* StatusCell.xib in Resources */ = {isa = PBXBuildFile; fileRef = C723D0D224EF9C2400A954C7 /* StatusCell.xib */; };
		C723D0DA24EFD11D00A954C7 /* PostDetailViewController.swift in Sources */ = {isa = PBXBuildFile; fileRef = C723D0D924EFD11D00A954C7 /* PostDetailViewController.swift */; };
/* End PBXBuildFile section */

/* Begin PBXContainerItemProxy section */
		C723D0AB24EF6B8500A954C7 /* PBXContainerItemProxy */ = {
			isa = PBXContainerItemProxy;
			containerPortal = C723D08C24EF6B8300A954C7 /* Project object */;
			proxyType = 1;
			remoteGlobalIDString = C723D09324EF6B8300A954C7;
			remoteInfo = NewFeedUI;
		};
		C723D0B624EF6B8500A954C7 /* PBXContainerItemProxy */ = {
			isa = PBXContainerItemProxy;
			containerPortal = C723D08C24EF6B8300A954C7 /* Project object */;
			proxyType = 1;
			remoteGlobalIDString = C723D09324EF6B8300A954C7;
			remoteInfo = NewFeedUI;
		};
/* End PBXContainerItemProxy section */

/* Begin PBXFileReference section */
		18283CF424F253F400A81068 /* UIGradientImageView.swift */ = {isa = PBXFileReference; lastKnownFileType = sourcecode.swift; path = UIGradientImageView.swift; sourceTree = "<group>"; };
		189C858024F2068500F8123F /* CommentCell.swift */ = {isa = PBXFileReference; lastKnownFileType = sourcecode.swift; path = CommentCell.swift; sourceTree = "<group>"; };
		189C858124F2068500F8123F /* CommentCell.xib */ = {isa = PBXFileReference; lastKnownFileType = file.xib; path = CommentCell.xib; sourceTree = "<group>"; };
		189C858424F20D4E00F8123F /* ShowMoreCell.swift */ = {isa = PBXFileReference; lastKnownFileType = sourcecode.swift; path = ShowMoreCell.swift; sourceTree = "<group>"; };
		189C858524F20D4E00F8123F /* ShowMoreCell.xib */ = {isa = PBXFileReference; lastKnownFileType = file.xib; path = ShowMoreCell.xib; sourceTree = "<group>"; };
		18EC72E324F3A28C00106DD9 /* Status.swift */ = {isa = PBXFileReference; lastKnownFileType = sourcecode.swift; path = Status.swift; sourceTree = "<group>"; };
		C723D09424EF6B8300A954C7 /* NewFeedUI.app */ = {isa = PBXFileReference; explicitFileType = wrapper.application; includeInIndex = 0; path = NewFeedUI.app; sourceTree = BUILT_PRODUCTS_DIR; };
		C723D09724EF6B8300A954C7 /* AppDelegate.swift */ = {isa = PBXFileReference; lastKnownFileType = sourcecode.swift; path = AppDelegate.swift; sourceTree = "<group>"; };
		C723D09924EF6B8300A954C7 /* SceneDelegate.swift */ = {isa = PBXFileReference; lastKnownFileType = sourcecode.swift; path = SceneDelegate.swift; sourceTree = "<group>"; };
		C723D09B24EF6B8300A954C7 /* ViewController.swift */ = {isa = PBXFileReference; lastKnownFileType = sourcecode.swift; path = ViewController.swift; sourceTree = "<group>"; };
		C723D09E24EF6B8300A954C7 /* Base */ = {isa = PBXFileReference; lastKnownFileType = file.storyboard; name = Base; path = Base.lproj/Main.storyboard; sourceTree = "<group>"; };
		C723D0A024EF6B8500A954C7 /* Assets.xcassets */ = {isa = PBXFileReference; lastKnownFileType = folder.assetcatalog; path = Assets.xcassets; sourceTree = "<group>"; };
		C723D0A324EF6B8500A954C7 /* Base */ = {isa = PBXFileReference; lastKnownFileType = file.storyboard; name = Base; path = Base.lproj/LaunchScreen.storyboard; sourceTree = "<group>"; };
		C723D0A524EF6B8500A954C7 /* Info.plist */ = {isa = PBXFileReference; lastKnownFileType = text.plist.xml; path = Info.plist; sourceTree = "<group>"; };
		C723D0AA24EF6B8500A954C7 /* NewFeedUITests.xctest */ = {isa = PBXFileReference; explicitFileType = wrapper.cfbundle; includeInIndex = 0; path = NewFeedUITests.xctest; sourceTree = BUILT_PRODUCTS_DIR; };
		C723D0AE24EF6B8500A954C7 /* NewFeedUITests.swift */ = {isa = PBXFileReference; lastKnownFileType = sourcecode.swift; path = NewFeedUITests.swift; sourceTree = "<group>"; };
		C723D0B024EF6B8500A954C7 /* Info.plist */ = {isa = PBXFileReference; lastKnownFileType = text.plist.xml; path = Info.plist; sourceTree = "<group>"; };
		C723D0B524EF6B8500A954C7 /* NewFeedUIUITests.xctest */ = {isa = PBXFileReference; explicitFileType = wrapper.cfbundle; includeInIndex = 0; path = NewFeedUIUITests.xctest; sourceTree = BUILT_PRODUCTS_DIR; };
		C723D0B924EF6B8500A954C7 /* NewFeedUIUITests.swift */ = {isa = PBXFileReference; lastKnownFileType = sourcecode.swift; path = NewFeedUIUITests.swift; sourceTree = "<group>"; };
		C723D0BB24EF6B8500A954C7 /* Info.plist */ = {isa = PBXFileReference; lastKnownFileType = text.plist.xml; path = Info.plist; sourceTree = "<group>"; };
		C723D0D124EF9C2400A954C7 /* StatusCell.swift */ = {isa = PBXFileReference; lastKnownFileType = sourcecode.swift; path = StatusCell.swift; sourceTree = "<group>"; };
		C723D0D224EF9C2400A954C7 /* StatusCell.xib */ = {isa = PBXFileReference; lastKnownFileType = file.xib; path = StatusCell.xib; sourceTree = "<group>"; };
		C723D0D924EFD11D00A954C7 /* PostDetailViewController.swift */ = {isa = PBXFileReference; lastKnownFileType = sourcecode.swift; path = PostDetailViewController.swift; sourceTree = "<group>"; };
/* End PBXFileReference section */

/* Begin PBXFrameworksBuildPhase section */
		C723D09124EF6B8300A954C7 /* Frameworks */ = {
			isa = PBXFrameworksBuildPhase;
			buildActionMask = 2147483647;
			files = (
			);
			runOnlyForDeploymentPostprocessing = 0;
		};
		C723D0A724EF6B8500A954C7 /* Frameworks */ = {
			isa = PBXFrameworksBuildPhase;
			buildActionMask = 2147483647;
			files = (
			);
			runOnlyForDeploymentPostprocessing = 0;
		};
		C723D0B224EF6B8500A954C7 /* Frameworks */ = {
			isa = PBXFrameworksBuildPhase;
			buildActionMask = 2147483647;
			files = (
			);
			runOnlyForDeploymentPostprocessing = 0;
		};
/* End PBXFrameworksBuildPhase section */

/* Begin PBXGroup section */
		C723D08B24EF6B8300A954C7 = {
			isa = PBXGroup;
			children = (
				C723D09624EF6B8300A954C7 /* NewFeedUI */,
				C723D0AD24EF6B8500A954C7 /* NewFeedUITests */,
				C723D0B824EF6B8500A954C7 /* NewFeedUIUITests */,
				C723D09524EF6B8300A954C7 /* Products */,
			);
			sourceTree = "<group>";
		};
		C723D09524EF6B8300A954C7 /* Products */ = {
			isa = PBXGroup;
			children = (
				C723D09424EF6B8300A954C7 /* NewFeedUI.app */,
				C723D0AA24EF6B8500A954C7 /* NewFeedUITests.xctest */,
				C723D0B524EF6B8500A954C7 /* NewFeedUIUITests.xctest */,
			);
			name = Products;
			sourceTree = "<group>";
		};
		C723D09624EF6B8300A954C7 /* NewFeedUI */ = {
			isa = PBXGroup;
			children = (
				C723D09724EF6B8300A954C7 /* AppDelegate.swift */,
				C723D09924EF6B8300A954C7 /* SceneDelegate.swift */,
				18EC72E324F3A28C00106DD9 /* Status.swift */,
				C723D09B24EF6B8300A954C7 /* ViewController.swift */,
				C723D0D924EFD11D00A954C7 /* PostDetailViewController.swift */,
				C723D0D124EF9C2400A954C7 /* StatusCell.swift */,
				189C858024F2068500F8123F /* CommentCell.swift */,
				189C858424F20D4E00F8123F /* ShowMoreCell.swift */,
				189C858124F2068500F8123F /* CommentCell.xib */,
				C723D0D224EF9C2400A954C7 /* StatusCell.xib */,
				189C858524F20D4E00F8123F /* ShowMoreCell.xib */,
				C723D09D24EF6B8300A954C7 /* Main.storyboard */,
				C723D0A024EF6B8500A954C7 /* Assets.xcassets */,
				C723D0A224EF6B8500A954C7 /* LaunchScreen.storyboard */,
				C723D0A524EF6B8500A954C7 /* Info.plist */,
				18283CF424F253F400A81068 /* UIGradientImageView.swift */,
			);
			path = NewFeedUI;
			sourceTree = "<group>";
		};
		C723D0AD24EF6B8500A954C7 /* NewFeedUITests */ = {
			isa = PBXGroup;
			children = (
				C723D0AE24EF6B8500A954C7 /* NewFeedUITests.swift */,
				C723D0B024EF6B8500A954C7 /* Info.plist */,
			);
			path = NewFeedUITests;
			sourceTree = "<group>";
		};
		C723D0B824EF6B8500A954C7 /* NewFeedUIUITests */ = {
			isa = PBXGroup;
			children = (
				C723D0B924EF6B8500A954C7 /* NewFeedUIUITests.swift */,
				C723D0BB24EF6B8500A954C7 /* Info.plist */,
			);
			path = NewFeedUIUITests;
			sourceTree = "<group>";
		};
/* End PBXGroup section */

/* Begin PBXNativeTarget section */
		C723D09324EF6B8300A954C7 /* NewFeedUI */ = {
			isa = PBXNativeTarget;
			buildConfigurationList = C723D0BE24EF6B8500A954C7 /* Build configuration list for PBXNativeTarget "NewFeedUI" */;
			buildPhases = (
				C723D09024EF6B8300A954C7 /* Sources */,
				C723D09124EF6B8300A954C7 /* Frameworks */,
				C723D09224EF6B8300A954C7 /* Resources */,
			);
			buildRules = (
			);
			dependencies = (
			);
			name = NewFeedUI;
			productName = NewFeedUI;
			productReference = C723D09424EF6B8300A954C7 /* NewFeedUI.app */;
			productType = "com.apple.product-type.application";
		};
		C723D0A924EF6B8500A954C7 /* NewFeedUITests */ = {
			isa = PBXNativeTarget;
			buildConfigurationList = C723D0C124EF6B8500A954C7 /* Build configuration list for PBXNativeTarget "NewFeedUITests" */;
			buildPhases = (
				C723D0A624EF6B8500A954C7 /* Sources */,
				C723D0A724EF6B8500A954C7 /* Frameworks */,
				C723D0A824EF6B8500A954C7 /* Resources */,
			);
			buildRules = (
			);
			dependencies = (
				C723D0AC24EF6B8500A954C7 /* PBXTargetDependency */,
			);
			name = NewFeedUITests;
			productName = NewFeedUITests;
			productReference = C723D0AA24EF6B8500A954C7 /* NewFeedUITests.xctest */;
			productType = "com.apple.product-type.bundle.unit-test";
		};
		C723D0B424EF6B8500A954C7 /* NewFeedUIUITests */ = {
			isa = PBXNativeTarget;
			buildConfigurationList = C723D0C424EF6B8500A954C7 /* Build configuration list for PBXNativeTarget "NewFeedUIUITests" */;
			buildPhases = (
				C723D0B124EF6B8500A954C7 /* Sources */,
				C723D0B224EF6B8500A954C7 /* Frameworks */,
				C723D0B324EF6B8500A954C7 /* Resources */,
			);
			buildRules = (
			);
			dependencies = (
				C723D0B724EF6B8500A954C7 /* PBXTargetDependency */,
			);
			name = NewFeedUIUITests;
			productName = NewFeedUIUITests;
			productReference = C723D0B524EF6B8500A954C7 /* NewFeedUIUITests.xctest */;
			productType = "com.apple.product-type.bundle.ui-testing";
		};
/* End PBXNativeTarget section */

/* Begin PBXProject section */
		C723D08C24EF6B8300A954C7 /* Project object */ = {
			isa = PBXProject;
			attributes = {
				LastSwiftUpdateCheck = 1130;
				LastUpgradeCheck = 1130;
				ORGANIZATIONNAME = "Le Duy Anh";
				TargetAttributes = {
					C723D09324EF6B8300A954C7 = {
						CreatedOnToolsVersion = 11.3.1;
					};
					C723D0A924EF6B8500A954C7 = {
						CreatedOnToolsVersion = 11.3.1;
						TestTargetID = C723D09324EF6B8300A954C7;
					};
					C723D0B424EF6B8500A954C7 = {
						CreatedOnToolsVersion = 11.3.1;
						TestTargetID = C723D09324EF6B8300A954C7;
					};
				};
			};
			buildConfigurationList = C723D08F24EF6B8300A954C7 /* Build configuration list for PBXProject "NewFeedUI" */;
			compatibilityVersion = "Xcode 9.3";
			developmentRegion = en;
			hasScannedForEncodings = 0;
			knownRegions = (
				en,
				Base,
			);
			mainGroup = C723D08B24EF6B8300A954C7;
			productRefGroup = C723D09524EF6B8300A954C7 /* Products */;
			projectDirPath = "";
			projectRoot = "";
			targets = (
				C723D09324EF6B8300A954C7 /* NewFeedUI */,
				C723D0A924EF6B8500A954C7 /* NewFeedUITests */,
				C723D0B424EF6B8500A954C7 /* NewFeedUIUITests */,
			);
		};
/* End PBXProject section */

/* Begin PBXResourcesBuildPhase section */
		C723D09224EF6B8300A954C7 /* Resources */ = {
			isa = PBXResourcesBuildPhase;
			buildActionMask = 2147483647;
			files = (
				189C858324F2068500F8123F /* CommentCell.xib in Resources */,
				C723D0A424EF6B8500A954C7 /* LaunchScreen.storyboard in Resources */,
				C723D0A124EF6B8500A954C7 /* Assets.xcassets in Resources */,
				189C858724F20D4E00F8123F /* ShowMoreCell.xib in Resources */,
				C723D09F24EF6B8300A954C7 /* Main.storyboard in Resources */,
				C723D0D424EF9C2400A954C7 /* StatusCell.xib in Resources */,
			);
			runOnlyForDeploymentPostprocessing = 0;
		};
		C723D0A824EF6B8500A954C7 /* Resources */ = {
			isa = PBXResourcesBuildPhase;
			buildActionMask = 2147483647;
			files = (
			);
			runOnlyForDeploymentPostprocessing = 0;
		};
		C723D0B324EF6B8500A954C7 /* Resources */ = {
			isa = PBXResourcesBuildPhase;
			buildActionMask = 2147483647;
			files = (
			);
			runOnlyForDeploymentPostprocessing = 0;
		};
/* End PBXResourcesBuildPhase section */

/* Begin PBXSourcesBuildPhase section */
		C723D09024EF6B8300A954C7 /* Sources */ = {
			isa = PBXSourcesBuildPhase;
			buildActionMask = 2147483647;
			files = (
				C723D09C24EF6B8300A954C7 /* ViewController.swift in Sources */,
				189C858624F20D4E00F8123F /* ShowMoreCell.swift in Sources */,
				C723D09824EF6B8300A954C7 /* AppDelegate.swift in Sources */,
				C723D09A24EF6B8300A954C7 /* SceneDelegate.swift in Sources */,
				C723D0DA24EFD11D00A954C7 /* PostDetailViewController.swift in Sources */,
				C723D0D324EF9C2400A954C7 /* StatusCell.swift in Sources */,
				18EC72E424F3A28C00106DD9 /* Status.swift in Sources */,
				18283CF524F253F400A81068 /* UIGradientImageView.swift in Sources */,
				189C858224F2068500F8123F /* CommentCell.swift in Sources */,
			);
			runOnlyForDeploymentPostprocessing = 0;
		};
		C723D0A624EF6B8500A954C7 /* Sources */ = {
			isa = PBXSourcesBuildPhase;
			buildActionMask = 2147483647;
			files = (
				C723D0AF24EF6B8500A954C7 /* NewFeedUITests.swift in Sources */,
			);
			runOnlyForDeploymentPostprocessing = 0;
		};
		C723D0B124EF6B8500A954C7 /* Sources */ = {
			isa = PBXSourcesBuildPhase;
			buildActionMask = 2147483647;
			files = (
				C723D0BA24EF6B8500A954C7 /* NewFeedUIUITests.swift in Sources */,
			);
			runOnlyForDeploymentPostprocessing = 0;
		};
/* End PBXSourcesBuildPhase section */

/* Begin PBXTargetDependency section */
		C723D0AC24EF6B8500A954C7 /* PBXTargetDependency */ = {
			isa = PBXTargetDependency;
			target = C723D09324EF6B8300A954C7 /* NewFeedUI */;
			targetProxy = C723D0AB24EF6B8500A954C7 /* PBXContainerItemProxy */;
		};
		C723D0B724EF6B8500A954C7 /* PBXTargetDependency */ = {
			isa = PBXTargetDependency;
			target = C723D09324EF6B8300A954C7 /* NewFeedUI */;
			targetProxy = C723D0B624EF6B8500A954C7 /* PBXContainerItemProxy */;
		};
/* End PBXTargetDependency section */

/* Begin PBXVariantGroup section */
		C723D09D24EF6B8300A954C7 /* Main.storyboard */ = {
			isa = PBXVariantGroup;
			children = (
				C723D09E24EF6B8300A954C7 /* Base */,
			);
			name = Main.storyboard;
			sourceTree = "<group>";
		};
		C723D0A224EF6B8500A954C7 /* LaunchScreen.storyboard */ = {
			isa = PBXVariantGroup;
			children = (
				C723D0A324EF6B8500A954C7 /* Base */,
			);
			name = LaunchScreen.storyboard;
			sourceTree = "<group>";
		};
/* End PBXVariantGroup section */

/* Begin XCBuildConfiguration section */
		C723D0BC24EF6B8500A954C7 /* Debug */ = {
			isa = XCBuildConfiguration;
			buildSettings = {
				ALWAYS_SEARCH_USER_PATHS = NO;
				CLANG_ANALYZER_NONNULL = YES;
				CLANG_ANALYZER_NUMBER_OBJECT_CONVERSION = YES_AGGRESSIVE;
				CLANG_CXX_LANGUAGE_STANDARD = "gnu++14";
				CLANG_CXX_LIBRARY = "libc++";
				CLANG_ENABLE_MODULES = YES;
				CLANG_ENABLE_OBJC_ARC = YES;
				CLANG_ENABLE_OBJC_WEAK = YES;
				CLANG_WARN_BLOCK_CAPTURE_AUTORELEASING = YES;
				CLANG_WARN_BOOL_CONVERSION = YES;
				CLANG_WARN_COMMA = YES;
				CLANG_WARN_CONSTANT_CONVERSION = YES;
				CLANG_WARN_DEPRECATED_OBJC_IMPLEMENTATIONS = YES;
				CLANG_WARN_DIRECT_OBJC_ISA_USAGE = YES_ERROR;
				CLANG_WARN_DOCUMENTATION_COMMENTS = YES;
				CLANG_WARN_EMPTY_BODY = YES;
				CLANG_WARN_ENUM_CONVERSION = YES;
				CLANG_WARN_INFINITE_RECURSION = YES;
				CLANG_WARN_INT_CONVERSION = YES;
				CLANG_WARN_NON_LITERAL_NULL_CONVERSION = YES;
				CLANG_WARN_OBJC_IMPLICIT_RETAIN_SELF = YES;
				CLANG_WARN_OBJC_LITERAL_CONVERSION = YES;
				CLANG_WARN_OBJC_ROOT_CLASS = YES_ERROR;
				CLANG_WARN_RANGE_LOOP_ANALYSIS = YES;
				CLANG_WARN_STRICT_PROTOTYPES = YES;
				CLANG_WARN_SUSPICIOUS_MOVE = YES;
				CLANG_WARN_UNGUARDED_AVAILABILITY = YES_AGGRESSIVE;
				CLANG_WARN_UNREACHABLE_CODE = YES;
				CLANG_WARN__DUPLICATE_METHOD_MATCH = YES;
				COPY_PHASE_STRIP = NO;
				DEBUG_INFORMATION_FORMAT = dwarf;
				ENABLE_STRICT_OBJC_MSGSEND = YES;
				ENABLE_TESTABILITY = YES;
				GCC_C_LANGUAGE_STANDARD = gnu11;
				GCC_DYNAMIC_NO_PIC = NO;
				GCC_NO_COMMON_BLOCKS = YES;
				GCC_OPTIMIZATION_LEVEL = 0;
				GCC_PREPROCESSOR_DEFINITIONS = (
					"DEBUG=1",
					"$(inherited)",
				);
				GCC_WARN_64_TO_32_BIT_CONVERSION = YES;
				GCC_WARN_ABOUT_RETURN_TYPE = YES_ERROR;
				GCC_WARN_UNDECLARED_SELECTOR = YES;
				GCC_WARN_UNINITIALIZED_AUTOS = YES_AGGRESSIVE;
				GCC_WARN_UNUSED_FUNCTION = YES;
				GCC_WARN_UNUSED_VARIABLE = YES;
				IPHONEOS_DEPLOYMENT_TARGET = 13.2;
				MTL_ENABLE_DEBUG_INFO = INCLUDE_SOURCE;
				MTL_FAST_MATH = YES;
				ONLY_ACTIVE_ARCH = YES;
				SDKROOT = iphoneos;
				SWIFT_ACTIVE_COMPILATION_CONDITIONS = DEBUG;
				SWIFT_OPTIMIZATION_LEVEL = "-Onone";
			};
			name = Debug;
		};
		C723D0BD24EF6B8500A954C7 /* Release */ = {
			isa = XCBuildConfiguration;
			buildSettings = {
				ALWAYS_SEARCH_USER_PATHS = NO;
				CLANG_ANALYZER_NONNULL = YES;
				CLANG_ANALYZER_NUMBER_OBJECT_CONVERSION = YES_AGGRESSIVE;
				CLANG_CXX_LANGUAGE_STANDARD = "gnu++14";
				CLANG_CXX_LIBRARY = "libc++";
				CLANG_ENABLE_MODULES = YES;
				CLANG_ENABLE_OBJC_ARC = YES;
				CLANG_ENABLE_OBJC_WEAK = YES;
				CLANG_WARN_BLOCK_CAPTURE_AUTORELEASING = YES;
				CLANG_WARN_BOOL_CONVERSION = YES;
				CLANG_WARN_COMMA = YES;
				CLANG_WARN_CONSTANT_CONVERSION = YES;
				CLANG_WARN_DEPRECATED_OBJC_IMPLEMENTATIONS = YES;
				CLANG_WARN_DIRECT_OBJC_ISA_USAGE = YES_ERROR;
				CLANG_WARN_DOCUMENTATION_COMMENTS = YES;
				CLANG_WARN_EMPTY_BODY = YES;
				CLANG_WARN_ENUM_CONVERSION = YES;
				CLANG_WARN_INFINITE_RECURSION = YES;
				CLANG_WARN_INT_CONVERSION = YES;
				CLANG_WARN_NON_LITERAL_NULL_CONVERSION = YES;
				CLANG_WARN_OBJC_IMPLICIT_RETAIN_SELF = YES;
				CLANG_WARN_OBJC_LITERAL_CONVERSION = YES;
				CLANG_WARN_OBJC_ROOT_CLASS = YES_ERROR;
				CLANG_WARN_RANGE_LOOP_ANALYSIS = YES;
				CLANG_WARN_STRICT_PROTOTYPES = YES;
				CLANG_WARN_SUSPICIOUS_MOVE = YES;
				CLANG_WARN_UNGUARDED_AVAILABILITY = YES_AGGRESSIVE;
				CLANG_WARN_UNREACHABLE_CODE = YES;
				CLANG_WARN__DUPLICATE_METHOD_MATCH = YES;
				COPY_PHASE_STRIP = NO;
				DEBUG_INFORMATION_FORMAT = "dwarf-with-dsym";
				ENABLE_NS_ASSERTIONS = NO;
				ENABLE_STRICT_OBJC_MSGSEND = YES;
				GCC_C_LANGUAGE_STANDARD = gnu11;
				GCC_NO_COMMON_BLOCKS = YES;
				GCC_WARN_64_TO_32_BIT_CONVERSION = YES;
				GCC_WARN_ABOUT_RETURN_TYPE = YES_ERROR;
				GCC_WARN_UNDECLARED_SELECTOR = YES;
				GCC_WARN_UNINITIALIZED_AUTOS = YES_AGGRESSIVE;
				GCC_WARN_UNUSED_FUNCTION = YES;
				GCC_WARN_UNUSED_VARIABLE = YES;
				IPHONEOS_DEPLOYMENT_TARGET = 13.2;
				MTL_ENABLE_DEBUG_INFO = NO;
				MTL_FAST_MATH = YES;
				SDKROOT = iphoneos;
				SWIFT_COMPILATION_MODE = wholemodule;
				SWIFT_OPTIMIZATION_LEVEL = "-O";
				VALIDATE_PRODUCT = YES;
			};
			name = Release;
		};
		C723D0BF24EF6B8500A954C7 /* Debug */ = {
			isa = XCBuildConfiguration;
			buildSettings = {
				ASSETCATALOG_COMPILER_APPICON_NAME = AppIcon;
				CODE_SIGN_STYLE = Automatic;
				INFOPLIST_FILE = NewFeedUI/Info.plist;
				LD_RUNPATH_SEARCH_PATHS = (
					"$(inherited)",
					"@executable_path/Frameworks",
				);
				PRODUCT_BUNDLE_IDENTIFIER = leduyanh.NewFeedUI;
				PRODUCT_NAME = "$(TARGET_NAME)";
				SWIFT_VERSION = 5.0;
				TARGETED_DEVICE_FAMILY = "1,2";
			};
			name = Debug;
		};
		C723D0C024EF6B8500A954C7 /* Release */ = {
			isa = XCBuildConfiguration;
			buildSettings = {
				ASSETCATALOG_COMPILER_APPICON_NAME = AppIcon;
				CODE_SIGN_STYLE = Automatic;
				INFOPLIST_FILE = NewFeedUI/Info.plist;
				LD_RUNPATH_SEARCH_PATHS = (
					"$(inherited)",
					"@executable_path/Frameworks",
				);
				PRODUCT_BUNDLE_IDENTIFIER = leduyanh.NewFeedUI;
				PRODUCT_NAME = "$(TARGET_NAME)";
				SWIFT_VERSION = 5.0;
				TARGETED_DEVICE_FAMILY = "1,2";
			};
			name = Release;
		};
		C723D0C224EF6B8500A954C7 /* Debug */ = {
			isa = XCBuildConfiguration;
			buildSettings = {
				ALWAYS_EMBED_SWIFT_STANDARD_LIBRARIES = YES;
				BUNDLE_LOADER = "$(TEST_HOST)";
				CODE_SIGN_STYLE = Automatic;
				INFOPLIST_FILE = NewFeedUITests/Info.plist;
				IPHONEOS_DEPLOYMENT_TARGET = 13.2;
				LD_RUNPATH_SEARCH_PATHS = (
					"$(inherited)",
					"@executable_path/Frameworks",
					"@loader_path/Frameworks",
				);
				PRODUCT_BUNDLE_IDENTIFIER = leduyanh.NewFeedUITests;
				PRODUCT_NAME = "$(TARGET_NAME)";
				SWIFT_VERSION = 5.0;
				TARGETED_DEVICE_FAMILY = "1,2";
				TEST_HOST = "$(BUILT_PRODUCTS_DIR)/NewFeedUI.app/NewFeedUI";
			};
			name = Debug;
		};
		C723D0C324EF6B8500A954C7 /* Release */ = {
			isa = XCBuildConfiguration;
			buildSettings = {
				ALWAYS_EMBED_SWIFT_STANDARD_LIBRARIES = YES;
				BUNDLE_LOADER = "$(TEST_HOST)";
				CODE_SIGN_STYLE = Automatic;
				INFOPLIST_FILE = NewFeedUITests/Info.plist;
				IPHONEOS_DEPLOYMENT_TARGET = 13.2;
				LD_RUNPATH_SEARCH_PATHS = (
					"$(inherited)",
					"@executable_path/Frameworks",
					"@loader_path/Frameworks",
				);
				PRODUCT_BUNDLE_IDENTIFIER = leduyanh.NewFeedUITests;
				PRODUCT_NAME = "$(TARGET_NAME)";
				SWIFT_VERSION = 5.0;
				TARGETED_DEVICE_FAMILY = "1,2";
				TEST_HOST = "$(BUILT_PRODUCTS_DIR)/NewFeedUI.app/NewFeedUI";
			};
			name = Release;
		};
		C723D0C524EF6B8500A954C7 /* Debug */ = {
			isa = XCBuildConfiguration;
			buildSettings = {
				ALWAYS_EMBED_SWIFT_STANDARD_LIBRARIES = YES;
				CODE_SIGN_STYLE = Automatic;
				INFOPLIST_FILE = NewFeedUIUITests/Info.plist;
				LD_RUNPATH_SEARCH_PATHS = (
					"$(inherited)",
					"@executable_path/Frameworks",
					"@loader_path/Frameworks",
				);
				PRODUCT_BUNDLE_IDENTIFIER = leduyanh.NewFeedUIUITests;
				PRODUCT_NAME = "$(TARGET_NAME)";
				SWIFT_VERSION = 5.0;
				TARGETED_DEVICE_FAMILY = "1,2";
				TEST_TARGET_NAME = NewFeedUI;
			};
			name = Debug;
		};
		C723D0C624EF6B8500A954C7 /* Release */ = {
			isa = XCBuildConfiguration;
			buildSettings = {
				ALWAYS_EMBED_SWIFT_STANDARD_LIBRARIES = YES;
				CODE_SIGN_STYLE = Automatic;
				INFOPLIST_FILE = NewFeedUIUITests/Info.plist;
				LD_RUNPATH_SEARCH_PATHS = (
					"$(inherited)",
					"@executable_path/Frameworks",
					"@loader_path/Frameworks",
				);
				PRODUCT_BUNDLE_IDENTIFIER = leduyanh.NewFeedUIUITests;
				PRODUCT_NAME = "$(TARGET_NAME)";
				SWIFT_VERSION = 5.0;
				TARGETED_DEVICE_FAMILY = "1,2";
				TEST_TARGET_NAME = NewFeedUI;
			};
			name = Release;
		};
/* End XCBuildConfiguration section */

/* Begin XCConfigurationList section */
		C723D08F24EF6B8300A954C7 /* Build configuration list for PBXProject "NewFeedUI" */ = {
			isa = XCConfigurationList;
			buildConfigurations = (
				C723D0BC24EF6B8500A954C7 /* Debug */,
				C723D0BD24EF6B8500A954C7 /* Release */,
			);
			defaultConfigurationIsVisible = 0;
			defaultConfigurationName = Release;
		};
		C723D0BE24EF6B8500A954C7 /* Build configuration list for PBXNativeTarget "NewFeedUI" */ = {
			isa = XCConfigurationList;
			buildConfigurations = (
				C723D0BF24EF6B8500A954C7 /* Debug */,
				C723D0C024EF6B8500A954C7 /* Release */,
			);
			defaultConfigurationIsVisible = 0;
			defaultConfigurationName = Release;
		};
		C723D0C124EF6B8500A954C7 /* Build configuration list for PBXNativeTarget "NewFeedUITests" */ = {
			isa = XCConfigurationList;
			buildConfigurations = (
				C723D0C224EF6B8500A954C7 /* Debug */,
				C723D0C324EF6B8500A954C7 /* Release */,
			);
			defaultConfigurationIsVisible = 0;
			defaultConfigurationName = Release;
		};
		C723D0C424EF6B8500A954C7 /* Build configuration list for PBXNativeTarget "NewFeedUIUITests" */ = {
			isa = XCConfigurationList;
			buildConfigurations = (
				C723D0C524EF6B8500A954C7 /* Debug */,
				C723D0C624EF6B8500A954C7 /* Release */,
			);
			defaultConfigurationIsVisible = 0;
			defaultConfigurationName = Release;
		};
/* End XCConfigurationList section */
	};
	rootObject = C723D08C24EF6B8300A954C7 /* Project object */;
}
